// !$*UTF8*$!
{
	archiveVersion = 1;
	classes = {
	};
	objectVersion = 56;
	objects = {

/* Begin PBXBuildFile section */
		AA0000000000000000000201 /* main.swift in Sources */ = {isa = PBXBuildFile; fileRef = AA0000000000000000000101 /* main.swift */; };
		AA0000000000000000000202 /* AppDelegate.swift in Sources */ = {isa = PBXBuildFile; fileRef = AA0000000000000000000102 /* AppDelegate.swift */; };
		AA0000000000000000000203 /* StatusBarController.swift in Sources */ = {isa = PBXBuildFile; fileRef = AA0000000000000000000103 /* StatusBarController.swift */; };
		AA0000000000000000000204 /* GitHubAPIClient.swift in Sources */ = {isa = PBXBuildFile; fileRef = AA0000000000000000000104 /* GitHubAPIClient.swift */; };
		AA0000000000000000000205 /* WorkflowModels.swift in Sources */ = {isa = PBXBuildFile; fileRef = AA0000000000000000000105 /* WorkflowModels.swift */; };
		AA0000000000000000000206 /* SettingsWindowController.swift in Sources */ = {isa = PBXBuildFile; fileRef = AA0000000000000000000106 /* SettingsWindowController.swift */; };
		AA0000000000000000000207 /* UserPreferences.swift in Sources */ = {isa = PBXBuildFile; fileRef = AA0000000000000000000107 /* UserPreferences.swift */; };
		BB0000000000000000000001 /* WorkflowModelsSpec.swift in Sources */ = {isa = PBXBuildFile; fileRef = BB0000000000000000000005 /* WorkflowModelsSpec.swift */; };
		BB0000000000000000000002 /* GitHubAPIClientSpec.swift in Sources */ = {isa = PBXBuildFile; fileRef = BB0000000000000000000006 /* GitHubAPIClientSpec.swift */; };
		BB0000000000000000000003 /* MockURLProtocol.swift in Sources */ = {isa = PBXBuildFile; fileRef = BB0000000000000000000007 /* MockURLProtocol.swift */; };
		DD0000000000000000000005 /* Quick in Frameworks */ = {isa = PBXBuildFile; productRef = DD0000000000000000000003 /* Quick */; };
		DD0000000000000000000006 /* Nimble in Frameworks */ = {isa = PBXBuildFile; productRef = DD0000000000000000000004 /* Nimble */; };
		DF15F5332FD00F84005C747A /* WorkflowStatusStore.swift in Sources */ = {isa = PBXBuildFile; fileRef = DF15F5322FD00F84005C747A /* WorkflowStatusStore.swift */; };
/* End PBXBuildFile section */

/* Begin PBXContainerItemProxy section */
		BB000000000000000000000D /* PBXContainerItemProxy */ = {
			isa = PBXContainerItemProxy;
			containerPortal = AA000000000000000000001A /* Project object */;
			proxyType = 1;
			remoteGlobalIDString = AA000000000000000000005A;
			remoteInfo = GithubActionsMenuBar;
		};
/* End PBXContainerItemProxy section */

/* Begin PBXFileReference section */
		AA000000000000000000006A /* GithubActionsMenuBar.app */ = {isa = PBXFileReference; explicitFileType = wrapper.application; includeInIndex = 0; path = GithubActionsMenuBar.app; sourceTree = BUILT_PRODUCTS_DIR; };
		AA0000000000000000000101 /* main.swift */ = {isa = PBXFileReference; lastKnownFileType = sourcecode.swift; path = main.swift; sourceTree = "<group>"; };
		AA0000000000000000000102 /* AppDelegate.swift */ = {isa = PBXFileReference; lastKnownFileType = sourcecode.swift; path = AppDelegate.swift; sourceTree = "<group>"; };
		AA0000000000000000000103 /* StatusBarController.swift */ = {isa = PBXFileReference; lastKnownFileType = sourcecode.swift; path = StatusBarController.swift; sourceTree = "<group>"; };
		AA0000000000000000000104 /* GitHubAPIClient.swift */ = {isa = PBXFileReference; lastKnownFileType = sourcecode.swift; path = GitHubAPIClient.swift; sourceTree = "<group>"; };
		AA0000000000000000000105 /* WorkflowModels.swift */ = {isa = PBXFileReference; lastKnownFileType = sourcecode.swift; path = WorkflowModels.swift; sourceTree = "<group>"; };
		AA0000000000000000000106 /* SettingsWindowController.swift */ = {isa = PBXFileReference; lastKnownFileType = sourcecode.swift; path = SettingsWindowController.swift; sourceTree = "<group>"; };
		AA0000000000000000000107 /* UserPreferences.swift */ = {isa = PBXFileReference; lastKnownFileType = sourcecode.swift; path = UserPreferences.swift; sourceTree = "<group>"; };
		AA0000000000000000000108 /* Info.plist */ = {isa = PBXFileReference; lastKnownFileType = text.plist.xml; path = Info.plist; sourceTree = "<group>"; };
		BB0000000000000000000004 /* GithubActionsMenuBarTests.xctest */ = {isa = PBXFileReference; explicitFileType = wrapper.cfbundle; includeInIndex = 0; path = GithubActionsMenuBarTests.xctest; sourceTree = BUILT_PRODUCTS_DIR; };
		BB0000000000000000000005 /* WorkflowModelsSpec.swift */ = {isa = PBXFileReference; lastKnownFileType = sourcecode.swift; path = WorkflowModelsSpec.swift; sourceTree = "<group>"; };
		BB0000000000000000000006 /* GitHubAPIClientSpec.swift */ = {isa = PBXFileReference; lastKnownFileType = sourcecode.swift; path = GitHubAPIClientSpec.swift; sourceTree = "<group>"; };
		BB0000000000000000000007 /* MockURLProtocol.swift */ = {isa = PBXFileReference; lastKnownFileType = sourcecode.swift; path = MockURLProtocol.swift; sourceTree = "<group>"; };
		DF15F5322FD00F84005C747A /* WorkflowStatusStore.swift */ = {isa = PBXFileReference; lastKnownFileType = sourcecode.swift; path = WorkflowStatusStore.swift; sourceTree = "<group>"; };
/* End PBXFileReference section */

/* Begin PBXFrameworksBuildPhase section */
		AA000000000000000000008A /* Frameworks */ = {
			isa = PBXFrameworksBuildPhase;
			buildActionMask = 2147483647;
			files = (
			);
			runOnlyForDeploymentPostprocessing = 0;
		};
		BB000000000000000000000B /* Frameworks */ = {
			isa = PBXFrameworksBuildPhase;
			buildActionMask = 2147483647;
			files = (
				DD0000000000000000000005 /* Quick in Frameworks */,
				DD0000000000000000000006 /* Nimble in Frameworks */,
			);
			runOnlyForDeploymentPostprocessing = 0;
		};
/* End PBXFrameworksBuildPhase section */

/* Begin PBXGroup section */
		AA000000000000000000002A = {
			isa = PBXGroup;
			children = (
				AA000000000000000000003A /* GithubActionsMenuBar */,
				BB0000000000000000000008 /* GithubActionsMenuBarTests */,
				AA000000000000000000004A /* Products */,
			);
			sourceTree = "<group>";
		};
		AA000000000000000000003A /* GithubActionsMenuBar */ = {
			isa = PBXGroup;
			children = (
				DF15F5322FD00F84005C747A /* WorkflowStatusStore.swift */,
				AA0000000000000000000101 /* main.swift */,
				AA0000000000000000000102 /* AppDelegate.swift */,
				AA0000000000000000000103 /* StatusBarController.swift */,
				AA0000000000000000000104 /* GitHubAPIClient.swift */,
				AA0000000000000000000105 /* WorkflowModels.swift */,
				AA0000000000000000000106 /* SettingsWindowController.swift */,
				AA0000000000000000000107 /* UserPreferences.swift */,
				AA0000000000000000000108 /* Info.plist */,
			);
			path = GithubActionsMenuBar;
			sourceTree = "<group>";
		};
		AA000000000000000000004A /* Products */ = {
			isa = PBXGroup;
			children = (
				AA000000000000000000006A /* GithubActionsMenuBar.app */,
				BB0000000000000000000004 /* GithubActionsMenuBarTests.xctest */,
			);
			name = Products;
			sourceTree = "<group>";
		};
		BB0000000000000000000008 /* GithubActionsMenuBarTests */ = {
			isa = PBXGroup;
			children = (
				BB0000000000000000000005 /* WorkflowModelsSpec.swift */,
				BB0000000000000000000006 /* GitHubAPIClientSpec.swift */,
				BB0000000000000000000007 /* MockURLProtocol.swift */,
			);
			path = GithubActionsMenuBarTests;
			sourceTree = "<group>";
		};
/* End PBXGroup section */

/* Begin PBXNativeTarget section */
		AA000000000000000000005A /* GithubActionsMenuBar */ = {
			isa = PBXNativeTarget;
			buildConfigurationList = AA00000000000000000000AB /* Build configuration list for PBXNativeTarget "GithubActionsMenuBar" */;
			buildPhases = (
				AA000000000000000000007A /* Sources */,
				AA000000000000000000008A /* Frameworks */,
				AA000000000000000000009A /* Resources */,
			);
			buildRules = (
			);
			dependencies = (
			);
			name = GithubActionsMenuBar;
			productName = GithubActionsMenuBar;
			productReference = AA000000000000000000006A /* GithubActionsMenuBar.app */;
			productType = "com.apple.product-type.application";
		};
		BB0000000000000000000009 /* GithubActionsMenuBarTests */ = {
			isa = PBXNativeTarget;
			buildConfigurationList = BB0000000000000000000011 /* Build configuration list for PBXNativeTarget "GithubActionsMenuBarTests" */;
			buildPhases = (
				BB000000000000000000000A /* Sources */,
				BB000000000000000000000B /* Frameworks */,
				BB000000000000000000000C /* Resources */,
			);
			buildRules = (
			);
			dependencies = (
				BB000000000000000000000E /* PBXTargetDependency */,
			);
			name = GithubActionsMenuBarTests;
			packageProductDependencies = (
				DD0000000000000000000003 /* Quick */,
				DD0000000000000000000004 /* Nimble */,
			);
			productName = GithubActionsMenuBarTests;
			productReference = BB0000000000000000000004 /* GithubActionsMenuBarTests.xctest */;
			productType = "com.apple.product-type.bundle.unit-test";
		};
/* End PBXNativeTarget section */

/* Begin PBXProject section */
		AA000000000000000000001A /* Project object */ = {
			isa = PBXProject;
			attributes = {
				BuildIndependentTargetsInParallel = 1;
				LastSwiftUpdateCheck = 1500;
				LastUpgradeCheck = 1500;
				TargetAttributes = {
					AA000000000000000000005A = {
						CreatedOnToolsVersion = 15.0;
					};
				};
			};
			buildConfigurationList = AA00000000000000000000AA /* Build configuration list for PBXProject "GithubActionsMenuBar" */;
			compatibilityVersion = "Xcode 14.0";
			developmentRegion = en;
			hasScannedForEncodings = 0;
			knownRegions = (
				en,
				Base,
			);
			mainGroup = AA000000000000000000002A;
			packageReferences = (
				DD0000000000000000000001 /* XCRemoteSwiftPackageReference "Quick" */,
				DD0000000000000000000002 /* XCRemoteSwiftPackageReference "Nimble" */,
			);
			productRefGroup = AA000000000000000000004A /* Products */;
			projectDirPath = "";
			projectRoot = "";
			targets = (
				AA000000000000000000005A /* GithubActionsMenuBar */,
				BB0000000000000000000009 /* GithubActionsMenuBarTests */,
			);
		};
/* End PBXProject section */

/* Begin PBXResourcesBuildPhase section */
		AA000000000000000000009A /* Resources */ = {
			isa = PBXResourcesBuildPhase;
			buildActionMask = 2147483647;
			files = (
			);
			runOnlyForDeploymentPostprocessing = 0;
		};
		BB000000000000000000000C /* Resources */ = {
			isa = PBXResourcesBuildPhase;
			buildActionMask = 2147483647;
			files = (
			);
			runOnlyForDeploymentPostprocessing = 0;
		};
/* End PBXResourcesBuildPhase section */

/* Begin PBXSourcesBuildPhase section */
		AA000000000000000000007A /* Sources */ = {
			isa = PBXSourcesBuildPhase;
			buildActionMask = 2147483647;
			files = (
				DF15F5332FD00F84005C747A /* WorkflowStatusStore.swift in Sources */,
				AA0000000000000000000201 /* main.swift in Sources */,
				AA0000000000000000000202 /* AppDelegate.swift in Sources */,
				AA0000000000000000000203 /* StatusBarController.swift in Sources */,
				AA0000000000000000000204 /* GitHubAPIClient.swift in Sources */,
				AA0000000000000000000205 /* WorkflowModels.swift in Sources */,
				AA0000000000000000000206 /* SettingsWindowController.swift in Sources */,
				AA0000000000000000000207 /* UserPreferences.swift in Sources */,
			);
			runOnlyForDeploymentPostprocessing = 0;
		};
		BB000000000000000000000A /* Sources */ = {
			isa = PBXSourcesBuildPhase;
			buildActionMask = 2147483647;
			files = (
				BB0000000000000000000001 /* WorkflowModelsSpec.swift in Sources */,
				BB0000000000000000000002 /* GitHubAPIClientSpec.swift in Sources */,
				BB0000000000000000000003 /* MockURLProtocol.swift in Sources */,
			);
			runOnlyForDeploymentPostprocessing = 0;
		};
/* End PBXSourcesBuildPhase section */

/* Begin PBXTargetDependency section */
		BB000000000000000000000E /* PBXTargetDependency */ = {
			isa = PBXTargetDependency;
			target = AA000000000000000000005A /* GithubActionsMenuBar */;
			targetProxy = BB000000000000000000000D /* PBXContainerItemProxy */;
		};
/* End PBXTargetDependency section */

/* Begin XCBuildConfiguration section */
		AA00000000000000000000AC /* Debug */ = {
			isa = XCBuildConfiguration;
			buildSettings = {
				ALWAYS_SEARCH_USER_PATHS = NO;
				CLANG_ANALYZER_NONNULL = YES;
				CLANG_CXX_LANGUAGE_STANDARD = "gnu++17";
				CLANG_ENABLE_MODULES = YES;
				CLANG_ENABLE_OBJC_ARC = YES;
				CLANG_ENABLE_OBJC_WEAK = YES;
				COMBINE_HIDPI_IMAGES = YES;
				CURRENT_PROJECT_VERSION = 1;
				DEBUG_INFORMATION_FORMAT = dwarf;
				ENABLE_STRICT_OBJC_MSGSEND = YES;
				ENABLE_TESTABILITY = YES;
				GCC_C_LANGUAGE_STANDARD = gnu17;
				GCC_DYNAMIC_NO_PIC = NO;
				GCC_NO_COMMON_BLOCKS = YES;
				GCC_OPTIMIZATION_LEVEL = 0;
				GCC_PREPROCESSOR_DEFINITIONS = (
					"DEBUG=1",
					"$(inherited)",
				);
				MACOSX_DEPLOYMENT_TARGET = 13.0;
				MARKETING_VERSION = 1.0;
				MTL_ENABLE_DEBUG_INFO = INCLUDE_SOURCE;
				MTL_FAST_MATH = YES;
				ONLY_ACTIVE_ARCH = YES;
				SWIFT_ACTIVE_COMPILATION_CONDITIONS = DEBUG;
				SWIFT_OPTIMIZATION_LEVEL = "-Onone";
				SWIFT_VERSION = 5.0;
			};
			name = Debug;
		};
		AA00000000000000000000AD /* Release */ = {
			isa = XCBuildConfiguration;
			buildSettings = {
				ALWAYS_SEARCH_USER_PATHS = NO;
				CLANG_ANALYZER_NONNULL = YES;
				CLANG_CXX_LANGUAGE_STANDARD = "gnu++17";
				CLANG_ENABLE_MODULES = YES;
				CLANG_ENABLE_OBJC_ARC = YES;
				CLANG_ENABLE_OBJC_WEAK = YES;
				COMBINE_HIDPI_IMAGES = YES;
				CURRENT_PROJECT_VERSION = 1;
				DEBUG_INFORMATION_FORMAT = "dwarf-with-dsym";
				ENABLE_NS_ASSERTIONS = NO;
				ENABLE_STRICT_OBJC_MSGSEND = YES;
				GCC_C_LANGUAGE_STANDARD = gnu17;
				GCC_NO_COMMON_BLOCKS = YES;
				MACOSX_DEPLOYMENT_TARGET = 13.0;
				MARKETING_VERSION = 1.0;
				MTL_FAST_MATH = YES;
				SWIFT_COMPILATION_MODE = wholemodule;
				SWIFT_OPTIMIZATION_LEVEL = "-O";
				SWIFT_VERSION = 5.0;
			};
			name = Release;
		};
		AA00000000000000000000AE /* Debug */ = {
			isa = XCBuildConfiguration;
			buildSettings = {
				CODE_SIGN_STYLE = Automatic;
				GENERATE_INFOPLIST_FILE = NO;
				INFOPLIST_FILE = GithubActionsMenuBar/Info.plist;
				LD_RUNPATH_SEARCH_PATHS = (
					"$(inherited)",
					"@executable_path/../Frameworks",
				);
				PRODUCT_BUNDLE_IDENTIFIER = "com.github-actions-menu-bar";
				PRODUCT_NAME = "$(TARGET_NAME)";
				SWIFT_VERSION = 5.0;
			};
			name = Debug;
		};
		AA00000000000000000000AF /* Release */ = {
			isa = XCBuildConfiguration;
			buildSettings = {
				CODE_SIGN_STYLE = Automatic;
				GENERATE_INFOPLIST_FILE = NO;
				INFOPLIST_FILE = GithubActionsMenuBar/Info.plist;
				LD_RUNPATH_SEARCH_PATHS = (
					"$(inherited)",
					"@executable_path/../Frameworks",
				);
				PRODUCT_BUNDLE_IDENTIFIER = "com.github-actions-menu-bar";
				PRODUCT_NAME = "$(TARGET_NAME)";
				SWIFT_VERSION = 5.0;
			};
			name = Release;
		};
		BB000000000000000000000F /* Debug */ = {
			isa = XCBuildConfiguration;
			buildSettings = {
				BUNDLE_LOADER = "$(TEST_HOST)";
				CODE_SIGN_STYLE = Automatic;
				GENERATE_INFOPLIST_FILE = YES;
				LD_RUNPATH_SEARCH_PATHS = (
					"$(inherited)",
					"@executable_path/../Frameworks",
					"@loader_path/../Frameworks",
				);
				MACOSX_DEPLOYMENT_TARGET = 13.0;
				PRODUCT_BUNDLE_IDENTIFIER = "com.github-actions-menu-bar.tests";
				PRODUCT_NAME = "$(TARGET_NAME)";
				SWIFT_VERSION = 5.0;
				TEST_HOST = "$(BUILT_PRODUCTS_DIR)/GithubActionsMenuBar.app/Contents/MacOS/GithubActionsMenuBar";
			};
			name = Debug;
		};
		BB0000000000000000000010 /* Release */ = {
			isa = XCBuildConfiguration;
			buildSettings = {
				BUNDLE_LOADER = "$(TEST_HOST)";
				CODE_SIGN_STYLE = Automatic;
				GENERATE_INFOPLIST_FILE = YES;
				LD_RUNPATH_SEARCH_PATHS = (
					"$(inherited)",
					"@executable_path/../Frameworks",
					"@loader_path/../Frameworks",
				);
				MACOSX_DEPLOYMENT_TARGET = 13.0;
				PRODUCT_BUNDLE_IDENTIFIER = "com.github-actions-menu-bar.tests";
				PRODUCT_NAME = "$(TARGET_NAME)";
				SWIFT_VERSION = 5.0;
				TEST_HOST = "$(BUILT_PRODUCTS_DIR)/GithubActionsMenuBar.app/Contents/MacOS/GithubActionsMenuBar";
			};
			name = Release;
		};
/* End XCBuildConfiguration section */

/* Begin XCConfigurationList section */
		AA00000000000000000000AA /* Build configuration list for PBXProject "GithubActionsMenuBar" */ = {
			isa = XCConfigurationList;
			buildConfigurations = (
				AA00000000000000000000AC /* Debug */,
				AA00000000000000000000AD /* Release */,
			);
			defaultConfigurationIsVisible = 0;
			defaultConfigurationName = Release;
		};
		AA00000000000000000000AB /* Build configuration list for PBXNativeTarget "GithubActionsMenuBar" */ = {
			isa = XCConfigurationList;
			buildConfigurations = (
				AA00000000000000000000AE /* Debug */,
				AA00000000000000000000AF /* Release */,
			);
			defaultConfigurationIsVisible = 0;
			defaultConfigurationName = Release;
		};
		BB0000000000000000000011 /* Build configuration list for PBXNativeTarget "GithubActionsMenuBarTests" */ = {
			isa = XCConfigurationList;
			buildConfigurations = (
				BB000000000000000000000F /* Debug */,
				BB0000000000000000000010 /* Release */,
			);
			defaultConfigurationIsVisible = 0;
			defaultConfigurationName = Release;
		};
/* End XCConfigurationList section */

/* Begin XCRemoteSwiftPackageReference section */
		DD0000000000000000000001 /* XCRemoteSwiftPackageReference "Quick" */ = {
			isa = XCRemoteSwiftPackageReference;
			repositoryURL = "https://github.com/Quick/Quick";
			requirement = {
				kind = upToNextMajorVersion;
				minimumVersion = 7.0.0;
			};
		};
		DD0000000000000000000002 /* XCRemoteSwiftPackageReference "Nimble" */ = {
			isa = XCRemoteSwiftPackageReference;
			repositoryURL = "https://github.com/Quick/Nimble";
			requirement = {
				kind = upToNextMajorVersion;
				minimumVersion = 13.0.0;
			};
		};
/* End XCRemoteSwiftPackageReference section */

/* Begin XCSwiftPackageProductDependency section */
		DD0000000000000000000003 /* Quick */ = {
			isa = XCSwiftPackageProductDependency;
			package = DD0000000000000000000001 /* XCRemoteSwiftPackageReference "Quick" */;
			productName = Quick;
		};
		DD0000000000000000000004 /* Nimble */ = {
			isa = XCSwiftPackageProductDependency;
			package = DD0000000000000000000002 /* XCRemoteSwiftPackageReference "Nimble" */;
			productName = Nimble;
		};
/* End XCSwiftPackageProductDependency section */
	};
	rootObject = AA000000000000000000001A /* Project object */;
}
